
Microsoft Visual Studio Solution File, Format Version 12.00
# Visual Studio Version 17
VisualStudioVersion = 17.2.32519.379
MinimumVisualStudioVersion = 10.0.40219.1
Project("{FAE04EC0-301F-11D3-BF4B-00C04F79EFBC}") = "CanvasItemsSource.WPF", "CanvasItemsSource.WPF\CanvasItemsSource.WPF.csproj", "{75096071-4810-4D33-8D6D-177EC7CA34EF}"
EndProject
Project("{9A19103F-16F7-4668-BE54-9A1E7A4F7556}") = "CanvasItemsSource.Avalonia", "CanvasItemsSource.Avalonia\CanvasItemsSource.Avalonia.csproj", "{EB477FD2-FB6C-407F-8596-92516D9C8688}"
EndProject
Global
	GlobalSection(SolutionConfigurationPlatforms) = preSolution
		Debug|Any CPU = Debug|Any CPU
		Release|Any CPU = Release|Any CPU
	EndGlobalSection
	GlobalSection(ProjectConfigurationPlatforms) = postSolution
		{75096071-4810-4D33-8D6D-177EC7CA34EF}.Debug|Any CPU.ActiveCfg = Debug|Any CPU
		{75096071-4810-4D33-8D6D-177EC7CA34EF}.Debug|Any CPU.Build.0 = Debug|Any CPU
		{75096071-4810-4D33-8D6D-177EC7CA34EF}.Release|Any CPU.ActiveCfg = Release|Any CPU
		{75096071-4810-4D33-8D6D-177EC7CA34EF}.Release|Any CPU.Build.0 = Release|Any CPU
		{EB477FD2-FB6C-407F-8596-92516D9C8688}.Debug|Any CPU.ActiveCfg = Debug|Any CPU
		{EB477FD2-FB6C-407F-8596-92516D9C8688}.Debug|Any CPU.Build.0 = Debug|Any CPU
		{EB477FD2-FB6C-407F-8596-92516D9C8688}.Release|Any CPU.ActiveCfg = Release|Any CPU
		{EB477FD2-FB6C-407F-8596-92516D9C8688}.Release|Any CPU.Build.0 = Release|Any CPU
	EndGlobalSection
	GlobalSection(SolutionProperties) = preSolution
		HideSolutionNode = FALSE
	EndGlobalSection
	GlobalSection(ExtensibilityGlobals) = postSolution
		SolutionGuid = {A468E078-38B5-416A-98CE-6354F758424E}
	EndGlobalSection
EndGlobal
